
Microsoft Visual Studio Solution File, Format Version 12.00
# Visual Studio 15
VisualStudioVersion = 15.0.28307.852
MinimumVisualStudioVersion = 10.0.40219.1
Project("{FAE04EC0-301F-11D3-BF4B-00C04F79EFBC}") = "GrapeAPI", "GrapeAPI\GrapeAPI.csproj", "{3ADBE8CD-4EFE-45F1-B37C-E7093073D3DE}"
EndProject
Project("{FAE04EC0-301F-11D3-BF4B-00C04F79EFBC}") = "GrapeClientApp", "GrapeClientApp\GrapeClientApp.csproj", "{BFB04753-66AA-4B29-BA43-6ECEEB311567}"
EndProject
Global
	GlobalSection(SolutionConfigurationPlatforms) = preSolution
		Debug|Any CPU = Debug|Any CPU
		Release|Any CPU = Release|Any CPU
	EndGlobalSection
	GlobalSection(ProjectConfigurationPlatforms) = postSolution
		{3ADBE8CD-4EFE-45F1-B37C-E7093073D3DE}.Debug|Any CPU.ActiveCfg = Debug|Any CPU
		{3ADBE8CD-4EFE-45F1-B37C-E7093073D3DE}.Debug|Any CPU.Build.0 = Debug|Any CPU
		{3ADBE8CD-4EFE-45F1-B37C-E7093073D3DE}.Release|Any CPU.ActiveCfg = Release|Any CPU
		{3ADBE8CD-4EFE-45F1-B37C-E7093073D3DE}.Release|Any CPU.Build.0 = Release|Any CPU
		{BFB04753-66AA-4B29-BA43-6ECEEB311567}.Debug|Any CPU.ActiveCfg = Debug|Any CPU
		{BFB04753-66AA-4B29-BA43-6ECEEB311567}.Debug|Any CPU.Build.0 = Debug|Any CPU
		{BFB04753-66AA-4B29-BA43-6ECEEB311567}.Release|Any CPU.ActiveCfg = Release|Any CPU
		{BFB04753-66AA-4B29-BA43-6ECEEB311567}.Release|Any CPU.Build.0 = Release|Any CPU
	EndGlobalSection
	GlobalSection(SolutionProperties) = preSolution
		HideSolutionNode = FALSE
	EndGlobalSection
	GlobalSection(ExtensibilityGlobals) = postSolution
		SolutionGuid = {7CDC958C-E245-4E49-8EFB-768AFF5EFC8E}
	EndGlobalSection
EndGlobal
